
Microsoft Visual Studio Solution File, Format Version 12.00
# Visual Studio Version 16
VisualStudioVersion = 16.0.31515.178
MinimumVisualStudioVersion = 10.0.40219.1
Project("{FAE04EC0-301F-11D3-BF4B-00C04F79EFBC}") = "HydraVirus", "HydraVirus\HydraVirus.csproj", "{B04B3DCC-BE71-46BA-BF57-93FEC6A55C7D}"
EndProject
Global
	GlobalSection(SolutionConfigurationPlatforms) = preSolution
		Debug|Any CPU = Debug|Any CPU
		Release|Any CPU = Release|Any CPU
	EndGlobalSection
	GlobalSection(ProjectConfigurationPlatforms) = postSolution
		{B04B3DCC-BE71-46BA-BF57-93FEC6A55C7D}.Debug|Any CPU.ActiveCfg = Debug|Any CPU
		{B04B3DCC-BE71-46BA-BF57-93FEC6A55C7D}.Debug|Any CPU.Build.0 = Debug|Any CPU
		{B04B3DCC-BE71-46BA-BF57-93FEC6A55C7D}.Release|Any CPU.ActiveCfg = Release|Any CPU
		{B04B3DCC-BE71-46BA-BF57-93FEC6A55C7D}.Release|Any CPU.Build.0 = Release|Any CPU
	EndGlobalSection
	GlobalSection(SolutionProperties) = preSolution
		HideSolutionNode = FALSE
	EndGlobalSection
	GlobalSection(ExtensibilityGlobals) = postSolution
		SolutionGuid = {DD68D765-0313-434E-A2D9-76DDB20FBE72}
	EndGlobalSection
EndGlobal
